// !$*UTF8*$!
{
	archiveVersion = 1;
	classes = {
	};
	objectVersion = 55;
	objects = {

/* Begin PBXBuildFile section */
		78C0CB1F27A92A910089E3B3 /* AppDelegate.swift in Sources */ = {isa = PBXBuildFile; fileRef = 78C0CB1E27A92A910089E3B3 /* AppDelegate.swift */; };
		78C0CB2127A92A910089E3B3 /* SceneDelegate.swift in Sources */ = {isa = PBXBuildFile; fileRef = 78C0CB2027A92A910089E3B3 /* SceneDelegate.swift */; };
		78C0CB2327A92A910089E3B3 /* HomeViewController.swift in Sources */ = {isa = PBXBuildFile; fileRef = 78C0CB2227A92A910089E3B3 /* HomeViewController.swift */; };
		78C0CB2627A92A910089E3B3 /* Main.storyboard in Resources */ = {isa = PBXBuildFile; fileRef = 78C0CB2427A92A910089E3B3 /* Main.storyboard */; };
		78C0CB2827A92A950089E3B3 /* Assets.xcassets in Resources */ = {isa = PBXBuildFile; fileRef = 78C0CB2727A92A950089E3B3 /* Assets.xcassets */; };
		78C0CB2B27A92A950089E3B3 /* LaunchScreen.storyboard in Resources */ = {isa = PBXBuildFile; fileRef = 78C0CB2927A92A950089E3B3 /* LaunchScreen.storyboard */; };
		78C0CB3627A92A960089E3B3 /* CoolInstagramTests.swift in Sources */ = {isa = PBXBuildFile; fileRef = 78C0CB3527A92A960089E3B3 /* CoolInstagramTests.swift */; };
		78C0CB4027A92A960089E3B3 /* CoolInstagramUITests.swift in Sources */ = {isa = PBXBuildFile; fileRef = 78C0CB3F27A92A960089E3B3 /* CoolInstagramUITests.swift */; };
		78C0CB4227A92A960089E3B3 /* CoolInstagramUITestsLaunchTests.swift in Sources */ = {isa = PBXBuildFile; fileRef = 78C0CB4127A92A960089E3B3 /* CoolInstagramUITestsLaunchTests.swift */; };
		78C0CB5427A92D0A0089E3B3 /* ExploreViewController.swift in Sources */ = {isa = PBXBuildFile; fileRef = 78C0CB5327A92D0A0089E3B3 /* ExploreViewController.swift */; };
		78C0CB5627A92D260089E3B3 /* CameraViewController.swift in Sources */ = {isa = PBXBuildFile; fileRef = 78C0CB5527A92D260089E3B3 /* CameraViewController.swift */; };
		78C0CB5827A92D360089E3B3 /* NotificationsViewController.swift in Sources */ = {isa = PBXBuildFile; fileRef = 78C0CB5727A92D360089E3B3 /* NotificationsViewController.swift */; };
		78C0CB5A27A92D410089E3B3 /* ProfileViewController.swift in Sources */ = {isa = PBXBuildFile; fileRef = 78C0CB5927A92D410089E3B3 /* ProfileViewController.swift */; };
		78C0CB5F27A92DF40089E3B3 /* LoginViewController.swift in Sources */ = {isa = PBXBuildFile; fileRef = 78C0CB5E27A92DF40089E3B3 /* LoginViewController.swift */; };
		78C0CB6127A92E070089E3B3 /* RegistrationViewController.swift in Sources */ = {isa = PBXBuildFile; fileRef = 78C0CB6027A92E070089E3B3 /* RegistrationViewController.swift */; };
		78C0CB6327A92E270089E3B3 /* PostViewController.swift in Sources */ = {isa = PBXBuildFile; fileRef = 78C0CB6227A92E270089E3B3 /* PostViewController.swift */; };
		78C0CB6527A92E5C0089E3B3 /* EditProfileViewController.swift in Sources */ = {isa = PBXBuildFile; fileRef = 78C0CB6427A92E5C0089E3B3 /* EditProfileViewController.swift */; };
		78C0CB6727A92E6D0089E3B3 /* SettingsViewController.swift in Sources */ = {isa = PBXBuildFile; fileRef = 78C0CB6627A92E6D0089E3B3 /* SettingsViewController.swift */; };
		78C0CB6927A92E7E0089E3B3 /* ListViewController.swift in Sources */ = {isa = PBXBuildFile; fileRef = 78C0CB6827A92E7E0089E3B3 /* ListViewController.swift */; };
		78C0CB6B27A92E930089E3B3 /* SearchViewController.swift in Sources */ = {isa = PBXBuildFile; fileRef = 78C0CB6A27A92E930089E3B3 /* SearchViewController.swift */; };
		78C0CB6D27A92EA10089E3B3 /* SearchResultViewController.swift in Sources */ = {isa = PBXBuildFile; fileRef = 78C0CB6C27A92EA10089E3B3 /* SearchResultViewController.swift */; };
		78C0CB6F27A92EC30089E3B3 /* PostEditorViewController.swift in Sources */ = {isa = PBXBuildFile; fileRef = 78C0CB6E27A92EC30089E3B3 /* PostEditorViewController.swift */; };
		78C0CB7127A92ED20089E3B3 /* PublishPostViewController.swift in Sources */ = {isa = PBXBuildFile; fileRef = 78C0CB7027A92ED20089E3B3 /* PublishPostViewController.swift */; };
/* End PBXBuildFile section */

/* Begin PBXContainerItemProxy section */
		78C0CB3227A92A960089E3B3 /* PBXContainerItemProxy */ = {
			isa = PBXContainerItemProxy;
			containerPortal = 78C0CB1327A92A910089E3B3 /* Project object */;
			proxyType = 1;
			remoteGlobalIDString = 78C0CB1A27A92A910089E3B3;
			remoteInfo = CoolInstagram;
		};
		78C0CB3C27A92A960089E3B3 /* PBXContainerItemProxy */ = {
			isa = PBXContainerItemProxy;
			containerPortal = 78C0CB1327A92A910089E3B3 /* Project object */;
			proxyType = 1;
			remoteGlobalIDString = 78C0CB1A27A92A910089E3B3;
			remoteInfo = CoolInstagram;
		};
/* End PBXContainerItemProxy section */

/* Begin PBXFileReference section */
		78C0CB1B27A92A910089E3B3 /* CoolInstagram.app */ = {isa = PBXFileReference; explicitFileType = wrapper.application; includeInIndex = 0; path = CoolInstagram.app; sourceTree = BUILT_PRODUCTS_DIR; };
		78C0CB1E27A92A910089E3B3 /* AppDelegate.swift */ = {isa = PBXFileReference; lastKnownFileType = sourcecode.swift; path = AppDelegate.swift; sourceTree = "<group>"; };
		78C0CB2027A92A910089E3B3 /* SceneDelegate.swift */ = {isa = PBXFileReference; lastKnownFileType = sourcecode.swift; path = SceneDelegate.swift; sourceTree = "<group>"; };
		78C0CB2227A92A910089E3B3 /* HomeViewController.swift */ = {isa = PBXFileReference; lastKnownFileType = sourcecode.swift; path = HomeViewController.swift; sourceTree = "<group>"; };
		78C0CB2527A92A910089E3B3 /* Base */ = {isa = PBXFileReference; lastKnownFileType = file.storyboard; name = Base; path = Base.lproj/Main.storyboard; sourceTree = "<group>"; };
		78C0CB2727A92A950089E3B3 /* Assets.xcassets */ = {isa = PBXFileReference; lastKnownFileType = folder.assetcatalog; path = Assets.xcassets; sourceTree = "<group>"; };
		78C0CB2A27A92A950089E3B3 /* Base */ = {isa = PBXFileReference; lastKnownFileType = file.storyboard; name = Base; path = Base.lproj/LaunchScreen.storyboard; sourceTree = "<group>"; };
		78C0CB2C27A92A950089E3B3 /* Info.plist */ = {isa = PBXFileReference; lastKnownFileType = text.plist.xml; path = Info.plist; sourceTree = "<group>"; };
		78C0CB3127A92A960089E3B3 /* CoolInstagramTests.xctest */ = {isa = PBXFileReference; explicitFileType = wrapper.cfbundle; includeInIndex = 0; path = CoolInstagramTests.xctest; sourceTree = BUILT_PRODUCTS_DIR; };
		78C0CB3527A92A960089E3B3 /* CoolInstagramTests.swift */ = {isa = PBXFileReference; lastKnownFileType = sourcecode.swift; path = CoolInstagramTests.swift; sourceTree = "<group>"; };
		78C0CB3B27A92A960089E3B3 /* CoolInstagramUITests.xctest */ = {isa = PBXFileReference; explicitFileType = wrapper.cfbundle; includeInIndex = 0; path = CoolInstagramUITests.xctest; sourceTree = BUILT_PRODUCTS_DIR; };
		78C0CB3F27A92A960089E3B3 /* CoolInstagramUITests.swift */ = {isa = PBXFileReference; lastKnownFileType = sourcecode.swift; path = CoolInstagramUITests.swift; sourceTree = "<group>"; };
		78C0CB4127A92A960089E3B3 /* CoolInstagramUITestsLaunchTests.swift */ = {isa = PBXFileReference; lastKnownFileType = sourcecode.swift; path = CoolInstagramUITestsLaunchTests.swift; sourceTree = "<group>"; };
		78C0CB5327A92D0A0089E3B3 /* ExploreViewController.swift */ = {isa = PBXFileReference; lastKnownFileType = sourcecode.swift; path = ExploreViewController.swift; sourceTree = "<group>"; };
		78C0CB5527A92D260089E3B3 /* CameraViewController.swift */ = {isa = PBXFileReference; lastKnownFileType = sourcecode.swift; path = CameraViewController.swift; sourceTree = "<group>"; };
		78C0CB5727A92D360089E3B3 /* NotificationsViewController.swift */ = {isa = PBXFileReference; lastKnownFileType = sourcecode.swift; path = NotificationsViewController.swift; sourceTree = "<group>"; };
		78C0CB5927A92D410089E3B3 /* ProfileViewController.swift */ = {isa = PBXFileReference; lastKnownFileType = sourcecode.swift; path = ProfileViewController.swift; sourceTree = "<group>"; };
		78C0CB5E27A92DF40089E3B3 /* LoginViewController.swift */ = {isa = PBXFileReference; lastKnownFileType = sourcecode.swift; path = LoginViewController.swift; sourceTree = "<group>"; };
		78C0CB6027A92E070089E3B3 /* RegistrationViewController.swift */ = {isa = PBXFileReference; lastKnownFileType = sourcecode.swift; path = RegistrationViewController.swift; sourceTree = "<group>"; };
		78C0CB6227A92E270089E3B3 /* PostViewController.swift */ = {isa = PBXFileReference; lastKnownFileType = sourcecode.swift; path = PostViewController.swift; sourceTree = "<group>"; };
		78C0CB6427A92E5C0089E3B3 /* EditProfileViewController.swift */ = {isa = PBXFileReference; lastKnownFileType = sourcecode.swift; path = EditProfileViewController.swift; sourceTree = "<group>"; };
		78C0CB6627A92E6D0089E3B3 /* SettingsViewController.swift */ = {isa = PBXFileReference; lastKnownFileType = sourcecode.swift; path = SettingsViewController.swift; sourceTree = "<group>"; };
		78C0CB6827A92E7E0089E3B3 /* ListViewController.swift */ = {isa = PBXFileReference; lastKnownFileType = sourcecode.swift; path = ListViewController.swift; sourceTree = "<group>"; };
		78C0CB6A27A92E930089E3B3 /* SearchViewController.swift */ = {isa = PBXFileReference; lastKnownFileType = sourcecode.swift; path = SearchViewController.swift; sourceTree = "<group>"; };
		78C0CB6C27A92EA10089E3B3 /* SearchResultViewController.swift */ = {isa = PBXFileReference; lastKnownFileType = sourcecode.swift; path = SearchResultViewController.swift; sourceTree = "<group>"; };
		78C0CB6E27A92EC30089E3B3 /* PostEditorViewController.swift */ = {isa = PBXFileReference; lastKnownFileType = sourcecode.swift; path = PostEditorViewController.swift; sourceTree = "<group>"; };
		78C0CB7027A92ED20089E3B3 /* PublishPostViewController.swift */ = {isa = PBXFileReference; lastKnownFileType = sourcecode.swift; path = PublishPostViewController.swift; sourceTree = "<group>"; };
/* End PBXFileReference section */

/* Begin PBXFrameworksBuildPhase section */
		78C0CB1827A92A910089E3B3 /* Frameworks */ = {
			isa = PBXFrameworksBuildPhase;
			buildActionMask = 2147483647;
			files = (
			);
			runOnlyForDeploymentPostprocessing = 0;
		};
		78C0CB2E27A92A960089E3B3 /* Frameworks */ = {
			isa = PBXFrameworksBuildPhase;
			buildActionMask = 2147483647;
			files = (
			);
			runOnlyForDeploymentPostprocessing = 0;
		};
		78C0CB3827A92A960089E3B3 /* Frameworks */ = {
			isa = PBXFrameworksBuildPhase;
			buildActionMask = 2147483647;
			files = (
			);
			runOnlyForDeploymentPostprocessing = 0;
		};
/* End PBXFrameworksBuildPhase section */

/* Begin PBXGroup section */
		78C0CB1227A92A910089E3B3 = {
			isa = PBXGroup;
			children = (
				78C0CB1D27A92A910089E3B3 /* CoolInstagram */,
				78C0CB3427A92A960089E3B3 /* CoolInstagramTests */,
				78C0CB3E27A92A960089E3B3 /* CoolInstagramUITests */,
				78C0CB1C27A92A910089E3B3 /* Products */,
			);
			sourceTree = "<group>";
		};
		78C0CB1C27A92A910089E3B3 /* Products */ = {
			isa = PBXGroup;
			children = (
				78C0CB1B27A92A910089E3B3 /* CoolInstagram.app */,
				78C0CB3127A92A960089E3B3 /* CoolInstagramTests.xctest */,
				78C0CB3B27A92A960089E3B3 /* CoolInstagramUITests.xctest */,
			);
			name = Products;
			sourceTree = "<group>";
		};
		78C0CB1D27A92A910089E3B3 /* CoolInstagram */ = {
			isa = PBXGroup;
			children = (
				78C0CB5127A92AFB0089E3B3 /* Resources */,
				78C0CB5027A92AF40089E3B3 /* Models */,
				78C0CB4F27A92AE80089E3B3 /* Controllers */,
				78C0CB4E27A92ACC0089E3B3 /* View */,
				78C0CB2C27A92A950089E3B3 /* Info.plist */,
			);
			path = CoolInstagram;
			sourceTree = "<group>";
		};
		78C0CB3427A92A960089E3B3 /* CoolInstagramTests */ = {
			isa = PBXGroup;
			children = (
				78C0CB3527A92A960089E3B3 /* CoolInstagramTests.swift */,
			);
			path = CoolInstagramTests;
			sourceTree = "<group>";
		};
		78C0CB3E27A92A960089E3B3 /* CoolInstagramUITests */ = {
			isa = PBXGroup;
			children = (
				78C0CB3F27A92A960089E3B3 /* CoolInstagramUITests.swift */,
				78C0CB4127A92A960089E3B3 /* CoolInstagramUITestsLaunchTests.swift */,
			);
			path = CoolInstagramUITests;
			sourceTree = "<group>";
		};
		78C0CB4E27A92ACC0089E3B3 /* View */ = {
			isa = PBXGroup;
			children = (
				78C0CB2727A92A950089E3B3 /* Assets.xcassets */,
				78C0CB5227A92B370089E3B3 /* Storyboards */,
			);
			path = View;
			sourceTree = "<group>";
		};
		78C0CB4F27A92AE80089E3B3 /* Controllers */ = {
			isa = PBXGroup;
			children = (
				78C0CB5C27A92DC90089E3B3 /* Other */,
				78C0CB5B27A92D630089E3B3 /* Core Pages */,
			);
			path = Controllers;
			sourceTree = "<group>";
		};
		78C0CB5027A92AF40089E3B3 /* Models */ = {
			isa = PBXGroup;
			children = (
			);
			path = Models;
			sourceTree = "<group>";
		};
		78C0CB5127A92AFB0089E3B3 /* Resources */ = {
			isa = PBXGroup;
			children = (
				78C0CB1E27A92A910089E3B3 /* AppDelegate.swift */,
				78C0CB2027A92A910089E3B3 /* SceneDelegate.swift */,
			);
			path = Resources;
			sourceTree = "<group>";
		};
		78C0CB5227A92B370089E3B3 /* Storyboards */ = {
			isa = PBXGroup;
			children = (
				78C0CB2427A92A910089E3B3 /* Main.storyboard */,
				78C0CB2927A92A950089E3B3 /* LaunchScreen.storyboard */,
			);
			path = Storyboards;
			sourceTree = "<group>";
		};
		78C0CB5B27A92D630089E3B3 /* Core Pages */ = {
			isa = PBXGroup;
			children = (
				78C0CB2227A92A910089E3B3 /* HomeViewController.swift */,
				78C0CB5327A92D0A0089E3B3 /* ExploreViewController.swift */,
				78C0CB5927A92D410089E3B3 /* ProfileViewController.swift */,
				78C0CB5727A92D360089E3B3 /* NotificationsViewController.swift */,
				78C0CB5527A92D260089E3B3 /* CameraViewController.swift */,
			);
			path = "Core Pages";
			sourceTree = "<group>";
		};
		78C0CB5C27A92DC90089E3B3 /* Other */ = {
			isa = PBXGroup;
			children = (
				78C0CB5D27A92DDF0089E3B3 /* Onboarding */,
				78C0CB6227A92E270089E3B3 /* PostViewController.swift */,
				78C0CB6427A92E5C0089E3B3 /* EditProfileViewController.swift */,
				78C0CB6627A92E6D0089E3B3 /* SettingsViewController.swift */,
				78C0CB6827A92E7E0089E3B3 /* ListViewController.swift */,
				78C0CB6A27A92E930089E3B3 /* SearchViewController.swift */,
				78C0CB6C27A92EA10089E3B3 /* SearchResultViewController.swift */,
				78C0CB6E27A92EC30089E3B3 /* PostEditorViewController.swift */,
				78C0CB7027A92ED20089E3B3 /* PublishPostViewController.swift */,
			);
			path = Other;
			sourceTree = "<group>";
		};
		78C0CB5D27A92DDF0089E3B3 /* Onboarding */ = {
			isa = PBXGroup;
			children = (
				78C0CB5E27A92DF40089E3B3 /* LoginViewController.swift */,
				78C0CB6027A92E070089E3B3 /* RegistrationViewController.swift */,
			);
			path = Onboarding;
			sourceTree = "<group>";
		};
/* End PBXGroup section */

/* Begin PBXNativeTarget section */
		78C0CB1A27A92A910089E3B3 /* CoolInstagram */ = {
			isa = PBXNativeTarget;
			buildConfigurationList = 78C0CB4527A92A960089E3B3 /* Build configuration list for PBXNativeTarget "CoolInstagram" */;
			buildPhases = (
				78C0CB1727A92A910089E3B3 /* Sources */,
				78C0CB1827A92A910089E3B3 /* Frameworks */,
				78C0CB1927A92A910089E3B3 /* Resources */,
			);
			buildRules = (
			);
			dependencies = (
			);
			name = CoolInstagram;
			productName = CoolInstagram;
			productReference = 78C0CB1B27A92A910089E3B3 /* CoolInstagram.app */;
			productType = "com.apple.product-type.application";
		};
		78C0CB3027A92A960089E3B3 /* CoolInstagramTests */ = {
			isa = PBXNativeTarget;
			buildConfigurationList = 78C0CB4827A92A960089E3B3 /* Build configuration list for PBXNativeTarget "CoolInstagramTests" */;
			buildPhases = (
				78C0CB2D27A92A960089E3B3 /* Sources */,
				78C0CB2E27A92A960089E3B3 /* Frameworks */,
				78C0CB2F27A92A960089E3B3 /* Resources */,
			);
			buildRules = (
			);
			dependencies = (
				78C0CB3327A92A960089E3B3 /* PBXTargetDependency */,
			);
			name = CoolInstagramTests;
			productName = CoolInstagramTests;
			productReference = 78C0CB3127A92A960089E3B3 /* CoolInstagramTests.xctest */;
			productType = "com.apple.product-type.bundle.unit-test";
		};
		78C0CB3A27A92A960089E3B3 /* CoolInstagramUITests */ = {
			isa = PBXNativeTarget;
			buildConfigurationList = 78C0CB4B27A92A960089E3B3 /* Build configuration list for PBXNativeTarget "CoolInstagramUITests" */;
			buildPhases = (
				78C0CB3727A92A960089E3B3 /* Sources */,
				78C0CB3827A92A960089E3B3 /* Frameworks */,
				78C0CB3927A92A960089E3B3 /* Resources */,
			);
			buildRules = (
			);
			dependencies = (
				78C0CB3D27A92A960089E3B3 /* PBXTargetDependency */,
			);
			name = CoolInstagramUITests;
			productName = CoolInstagramUITests;
			productReference = 78C0CB3B27A92A960089E3B3 /* CoolInstagramUITests.xctest */;
			productType = "com.apple.product-type.bundle.ui-testing";
		};
/* End PBXNativeTarget section */

/* Begin PBXProject section */
		78C0CB1327A92A910089E3B3 /* Project object */ = {
			isa = PBXProject;
			attributes = {
				BuildIndependentTargetsInParallel = 1;
				LastSwiftUpdateCheck = 1320;
				LastUpgradeCheck = 1320;
				TargetAttributes = {
					78C0CB1A27A92A910089E3B3 = {
						CreatedOnToolsVersion = 13.2.1;
					};
					78C0CB3027A92A960089E3B3 = {
						CreatedOnToolsVersion = 13.2.1;
						TestTargetID = 78C0CB1A27A92A910089E3B3;
					};
					78C0CB3A27A92A960089E3B3 = {
						CreatedOnToolsVersion = 13.2.1;
						TestTargetID = 78C0CB1A27A92A910089E3B3;
					};
				};
			};
			buildConfigurationList = 78C0CB1627A92A910089E3B3 /* Build configuration list for PBXProject "CoolInstagram" */;
			compatibilityVersion = "Xcode 13.0";
			developmentRegion = en;
			hasScannedForEncodings = 0;
			knownRegions = (
				en,
				Base,
			);
			mainGroup = 78C0CB1227A92A910089E3B3;
			productRefGroup = 78C0CB1C27A92A910089E3B3 /* Products */;
			projectDirPath = "";
			projectRoot = "";
			targets = (
				78C0CB1A27A92A910089E3B3 /* CoolInstagram */,
				78C0CB3027A92A960089E3B3 /* CoolInstagramTests */,
				78C0CB3A27A92A960089E3B3 /* CoolInstagramUITests */,
			);
		};
/* End PBXProject section */

/* Begin PBXResourcesBuildPhase section */
		78C0CB1927A92A910089E3B3 /* Resources */ = {
			isa = PBXResourcesBuildPhase;
			buildActionMask = 2147483647;
			files = (
				78C0CB2B27A92A950089E3B3 /* LaunchScreen.storyboard in Resources */,
				78C0CB2827A92A950089E3B3 /* Assets.xcassets in Resources */,
				78C0CB2627A92A910089E3B3 /* Main.storyboard in Resources */,
			);
			runOnlyForDeploymentPostprocessing = 0;
		};
		78C0CB2F27A92A960089E3B3 /* Resources */ = {
			isa = PBXResourcesBuildPhase;
			buildActionMask = 2147483647;
			files = (
			);
			runOnlyForDeploymentPostprocessing = 0;
		};
		78C0CB3927A92A960089E3B3 /* Resources */ = {
			isa = PBXResourcesBuildPhase;
			buildActionMask = 2147483647;
			files = (
			);
			runOnlyForDeploymentPostprocessing = 0;
		};
/* End PBXResourcesBuildPhase section */

/* Begin PBXSourcesBuildPhase section */
		78C0CB1727A92A910089E3B3 /* Sources */ = {
			isa = PBXSourcesBuildPhase;
			buildActionMask = 2147483647;
			files = (
				78C0CB6527A92E5C0089E3B3 /* EditProfileViewController.swift in Sources */,
				78C0CB5427A92D0A0089E3B3 /* ExploreViewController.swift in Sources */,
				78C0CB7127A92ED20089E3B3 /* PublishPostViewController.swift in Sources */,
				78C0CB5627A92D260089E3B3 /* CameraViewController.swift in Sources */,
				78C0CB2327A92A910089E3B3 /* HomeViewController.swift in Sources */,
				78C0CB6127A92E070089E3B3 /* RegistrationViewController.swift in Sources */,
				78C0CB6F27A92EC30089E3B3 /* PostEditorViewController.swift in Sources */,
				78C0CB6327A92E270089E3B3 /* PostViewController.swift in Sources */,
				78C0CB5827A92D360089E3B3 /* NotificationsViewController.swift in Sources */,
				78C0CB6D27A92EA10089E3B3 /* SearchResultViewController.swift in Sources */,
				78C0CB5F27A92DF40089E3B3 /* LoginViewController.swift in Sources */,
				78C0CB6B27A92E930089E3B3 /* SearchViewController.swift in Sources */,
				78C0CB5A27A92D410089E3B3 /* ProfileViewController.swift in Sources */,
				78C0CB1F27A92A910089E3B3 /* AppDelegate.swift in Sources */,
				78C0CB2127A92A910089E3B3 /* SceneDelegate.swift in Sources */,
				78C0CB6927A92E7E0089E3B3 /* ListViewController.swift in Sources */,
				78C0CB6727A92E6D0089E3B3 /* SettingsViewController.swift in Sources */,
			);
			runOnlyForDeploymentPostprocessing = 0;
		};
		78C0CB2D27A92A960089E3B3 /* Sources */ = {
			isa = PBXSourcesBuildPhase;
			buildActionMask = 2147483647;
			files = (
				78C0CB3627A92A960089E3B3 /* CoolInstagramTests.swift in Sources */,
			);
			runOnlyForDeploymentPostprocessing = 0;
		};
		78C0CB3727A92A960089E3B3 /* Sources */ = {
			isa = PBXSourcesBuildPhase;
			buildActionMask = 2147483647;
			files = (
				78C0CB4227A92A960089E3B3 /* CoolInstagramUITestsLaunchTests.swift in Sources */,
				78C0CB4027A92A960089E3B3 /* CoolInstagramUITests.swift in Sources */,
			);
			runOnlyForDeploymentPostprocessing = 0;
		};
/* End PBXSourcesBuildPhase section */

/* Begin PBXTargetDependency section */
		78C0CB3327A92A960089E3B3 /* PBXTargetDependency */ = {
			isa = PBXTargetDependency;
			target = 78C0CB1A27A92A910089E3B3 /* CoolInstagram */;
			targetProxy = 78C0CB3227A92A960089E3B3 /* PBXContainerItemProxy */;
		};
		78C0CB3D27A92A960089E3B3 /* PBXTargetDependency */ = {
			isa = PBXTargetDependency;
			target = 78C0CB1A27A92A910089E3B3 /* CoolInstagram */;
			targetProxy = 78C0CB3C27A92A960089E3B3 /* PBXContainerItemProxy */;
		};
/* End PBXTargetDependency section */

/* Begin PBXVariantGroup section */
		78C0CB2427A92A910089E3B3 /* Main.storyboard */ = {
			isa = PBXVariantGroup;
			children = (
				78C0CB2527A92A910089E3B3 /* Base */,
			);
			name = Main.storyboard;
			sourceTree = "<group>";
		};
		78C0CB2927A92A950089E3B3 /* LaunchScreen.storyboard */ = {
			isa = PBXVariantGroup;
			children = (
				78C0CB2A27A92A950089E3B3 /* Base */,
			);
			name = LaunchScreen.storyboard;
			sourceTree = "<group>";
		};
/* End PBXVariantGroup section */

/* Begin XCBuildConfiguration section */
		78C0CB4327A92A960089E3B3 /* Debug */ = {
			isa = XCBuildConfiguration;
			buildSettings = {
				ALWAYS_SEARCH_USER_PATHS = NO;
				CLANG_ANALYZER_NONNULL = YES;
				CLANG_ANALYZER_NUMBER_OBJECT_CONVERSION = YES_AGGRESSIVE;
				CLANG_CXX_LANGUAGE_STANDARD = "gnu++17";
				CLANG_CXX_LIBRARY = "libc++";
				CLANG_ENABLE_MODULES = YES;
				CLANG_ENABLE_OBJC_ARC = YES;
				CLANG_ENABLE_OBJC_WEAK = YES;
				CLANG_WARN_BLOCK_CAPTURE_AUTORELEASING = YES;
				CLANG_WARN_BOOL_CONVERSION = YES;
				CLANG_WARN_COMMA = YES;
				CLANG_WARN_CONSTANT_CONVERSION = YES;
				CLANG_WARN_DEPRECATED_OBJC_IMPLEMENTATIONS = YES;
				CLANG_WARN_DIRECT_OBJC_ISA_USAGE = YES_ERROR;
				CLANG_WARN_DOCUMENTATION_COMMENTS = YES;
				CLANG_WARN_EMPTY_BODY = YES;
				CLANG_WARN_ENUM_CONVERSION = YES;
				CLANG_WARN_INFINITE_RECURSION = YES;
				CLANG_WARN_INT_CONVERSION = YES;
				CLANG_WARN_NON_LITERAL_NULL_CONVERSION = YES;
				CLANG_WARN_OBJC_IMPLICIT_RETAIN_SELF = YES;
				CLANG_WARN_OBJC_LITERAL_CONVERSION = YES;
				CLANG_WARN_OBJC_ROOT_CLASS = YES_ERROR;
				CLANG_WARN_QUOTED_INCLUDE_IN_FRAMEWORK_HEADER = YES;
				CLANG_WARN_RANGE_LOOP_ANALYSIS = YES;
				CLANG_WARN_STRICT_PROTOTYPES = YES;
				CLANG_WARN_SUSPICIOUS_MOVE = YES;
				CLANG_WARN_UNGUARDED_AVAILABILITY = YES_AGGRESSIVE;
				CLANG_WARN_UNREACHABLE_CODE = YES;
				CLANG_WARN__DUPLICATE_METHOD_MATCH = YES;
				COPY_PHASE_STRIP = NO;
				DEBUG_INFORMATION_FORMAT = dwarf;
				ENABLE_STRICT_OBJC_MSGSEND = YES;
				ENABLE_TESTABILITY = YES;
				GCC_C_LANGUAGE_STANDARD = gnu11;
				GCC_DYNAMIC_NO_PIC = NO;
				GCC_NO_COMMON_BLOCKS = YES;
				GCC_OPTIMIZATION_LEVEL = 0;
				GCC_PREPROCESSOR_DEFINITIONS = (
					"DEBUG=1",
					"$(inherited)",
				);
				GCC_WARN_64_TO_32_BIT_CONVERSION = YES;
				GCC_WARN_ABOUT_RETURN_TYPE = YES_ERROR;
				GCC_WARN_UNDECLARED_SELECTOR = YES;
				GCC_WARN_UNINITIALIZED_AUTOS = YES_AGGRESSIVE;
				GCC_WARN_UNUSED_FUNCTION = YES;
				GCC_WARN_UNUSED_VARIABLE = YES;
				IPHONEOS_DEPLOYMENT_TARGET = 15.2;
				MTL_ENABLE_DEBUG_INFO = INCLUDE_SOURCE;
				MTL_FAST_MATH = YES;
				ONLY_ACTIVE_ARCH = YES;
				SDKROOT = iphoneos;
				SWIFT_ACTIVE_COMPILATION_CONDITIONS = DEBUG;
				SWIFT_OPTIMIZATION_LEVEL = "-Onone";
			};
			name = Debug;
		};
		78C0CB4427A92A960089E3B3 /* Release */ = {
			isa = XCBuildConfiguration;
			buildSettings = {
				ALWAYS_SEARCH_USER_PATHS = NO;
				CLANG_ANALYZER_NONNULL = YES;
				CLANG_ANALYZER_NUMBER_OBJECT_CONVERSION = YES_AGGRESSIVE;
				CLANG_CXX_LANGUAGE_STANDARD = "gnu++17";
				CLANG_CXX_LIBRARY = "libc++";
				CLANG_ENABLE_MODULES = YES;
				CLANG_ENABLE_OBJC_ARC = YES;
				CLANG_ENABLE_OBJC_WEAK = YES;
				CLANG_WARN_BLOCK_CAPTURE_AUTORELEASING = YES;
				CLANG_WARN_BOOL_CONVERSION = YES;
				CLANG_WARN_COMMA = YES;
				CLANG_WARN_CONSTANT_CONVERSION = YES;
				CLANG_WARN_DEPRECATED_OBJC_IMPLEMENTATIONS = YES;
				CLANG_WARN_DIRECT_OBJC_ISA_USAGE = YES_ERROR;
				CLANG_WARN_DOCUMENTATION_COMMENTS = YES;
				CLANG_WARN_EMPTY_BODY = YES;
				CLANG_WARN_ENUM_CONVERSION = YES;
				CLANG_WARN_INFINITE_RECURSION = YES;
				CLANG_WARN_INT_CONVERSION = YES;
				CLANG_WARN_NON_LITERAL_NULL_CONVERSION = YES;
				CLANG_WARN_OBJC_IMPLICIT_RETAIN_SELF = YES;
				CLANG_WARN_OBJC_LITERAL_CONVERSION = YES;
				CLANG_WARN_OBJC_ROOT_CLASS = YES_ERROR;
				CLANG_WARN_QUOTED_INCLUDE_IN_FRAMEWORK_HEADER = YES;
				CLANG_WARN_RANGE_LOOP_ANALYSIS = YES;
				CLANG_WARN_STRICT_PROTOTYPES = YES;
				CLANG_WARN_SUSPICIOUS_MOVE = YES;
				CLANG_WARN_UNGUARDED_AVAILABILITY = YES_AGGRESSIVE;
				CLANG_WARN_UNREACHABLE_CODE = YES;
				CLANG_WARN__DUPLICATE_METHOD_MATCH = YES;
				COPY_PHASE_STRIP = NO;
				DEBUG_INFORMATION_FORMAT = "dwarf-with-dsym";
				ENABLE_NS_ASSERTIONS = NO;
				ENABLE_STRICT_OBJC_MSGSEND = YES;
				GCC_C_LANGUAGE_STANDARD = gnu11;
				GCC_NO_COMMON_BLOCKS = YES;
				GCC_WARN_64_TO_32_BIT_CONVERSION = YES;
				GCC_WARN_ABOUT_RETURN_TYPE = YES_ERROR;
				GCC_WARN_UNDECLARED_SELECTOR = YES;
				GCC_WARN_UNINITIALIZED_AUTOS = YES_AGGRESSIVE;
				GCC_WARN_UNUSED_FUNCTION = YES;
				GCC_WARN_UNUSED_VARIABLE = YES;
				IPHONEOS_DEPLOYMENT_TARGET = 15.2;
				MTL_ENABLE_DEBUG_INFO = NO;
				MTL_FAST_MATH = YES;
				SDKROOT = iphoneos;
				SWIFT_COMPILATION_MODE = wholemodule;
				SWIFT_OPTIMIZATION_LEVEL = "-O";
				VALIDATE_PRODUCT = YES;
			};
			name = Release;
		};
		78C0CB4627A92A960089E3B3 /* Debug */ = {
			isa = XCBuildConfiguration;
			buildSettings = {
				ASSETCATALOG_COMPILER_APPICON_NAME = AppIcon;
				ASSETCATALOG_COMPILER_GLOBAL_ACCENT_COLOR_NAME = AccentColor;
				CODE_SIGN_STYLE = Automatic;
				CURRENT_PROJECT_VERSION = 1;
				DEVELOPMENT_TEAM = UKH67U3TZ4;
				GENERATE_INFOPLIST_FILE = YES;
				INFOPLIST_FILE = CoolInstagram/Info.plist;
				INFOPLIST_KEY_UIApplicationSupportsIndirectInputEvents = YES;
				INFOPLIST_KEY_UILaunchStoryboardName = LaunchScreen;
				INFOPLIST_KEY_UIMainStoryboardFile = Main;
				INFOPLIST_KEY_UISupportedInterfaceOrientations_iPad = "UIInterfaceOrientationPortrait UIInterfaceOrientationPortraitUpsideDown UIInterfaceOrientationLandscapeLeft UIInterfaceOrientationLandscapeRight";
				INFOPLIST_KEY_UISupportedInterfaceOrientations_iPhone = "UIInterfaceOrientationPortrait UIInterfaceOrientationLandscapeLeft UIInterfaceOrientationLandscapeRight";
				LD_RUNPATH_SEARCH_PATHS = (
					"$(inherited)",
					"@executable_path/Frameworks",
				);
				MARKETING_VERSION = 1.0;
				PRODUCT_BUNDLE_IDENTIFIER = com.DVT.CoolInstagram;
				PRODUCT_NAME = "$(TARGET_NAME)";
				SWIFT_EMIT_LOC_STRINGS = YES;
				SWIFT_VERSION = 5.0;
				TARGETED_DEVICE_FAMILY = "1,2";
			};
			name = Debug;
		};
		78C0CB4727A92A960089E3B3 /* Release */ = {
			isa = XCBuildConfiguration;
			buildSettings = {
				ASSETCATALOG_COMPILER_APPICON_NAME = AppIcon;
				ASSETCATALOG_COMPILER_GLOBAL_ACCENT_COLOR_NAME = AccentColor;
				CODE_SIGN_STYLE = Automatic;
				CURRENT_PROJECT_VERSION = 1;
				DEVELOPMENT_TEAM = UKH67U3TZ4;
				GENERATE_INFOPLIST_FILE = YES;
				INFOPLIST_FILE = CoolInstagram/Info.plist;
				INFOPLIST_KEY_UIApplicationSupportsIndirectInputEvents = YES;
				INFOPLIST_KEY_UILaunchStoryboardName = LaunchScreen;
				INFOPLIST_KEY_UIMainStoryboardFile = Main;
				INFOPLIST_KEY_UISupportedInterfaceOrientations_iPad = "UIInterfaceOrientationPortrait UIInterfaceOrientationPortraitUpsideDown UIInterfaceOrientationLandscapeLeft UIInterfaceOrientationLandscapeRight";
				INFOPLIST_KEY_UISupportedInterfaceOrientations_iPhone = "UIInterfaceOrientationPortrait UIInterfaceOrientationLandscapeLeft UIInterfaceOrientationLandscapeRight";
				LD_RUNPATH_SEARCH_PATHS = (
					"$(inherited)",
					"@executable_path/Frameworks",
				);
				MARKETING_VERSION = 1.0;
				PRODUCT_BUNDLE_IDENTIFIER = com.DVT.CoolInstagram;
				PRODUCT_NAME = "$(TARGET_NAME)";
				SWIFT_EMIT_LOC_STRINGS = YES;
				SWIFT_VERSION = 5.0;
				TARGETED_DEVICE_FAMILY = "1,2";
			};
			name = Release;
		};
		78C0CB4927A92A960089E3B3 /* Debug */ = {
			isa = XCBuildConfiguration;
			buildSettings = {
				ALWAYS_EMBED_SWIFT_STANDARD_LIBRARIES = YES;
				BUNDLE_LOADER = "$(TEST_HOST)";
				CODE_SIGN_STYLE = Automatic;
				CURRENT_PROJECT_VERSION = 1;
				DEVELOPMENT_TEAM = UKH67U3TZ4;
				GENERATE_INFOPLIST_FILE = YES;
				IPHONEOS_DEPLOYMENT_TARGET = 15.2;
				MARKETING_VERSION = 1.0;
				PRODUCT_BUNDLE_IDENTIFIER = com.DVT.CoolInstagramTests;
				PRODUCT_NAME = "$(TARGET_NAME)";
				SWIFT_EMIT_LOC_STRINGS = NO;
				SWIFT_VERSION = 5.0;
				TARGETED_DEVICE_FAMILY = "1,2";
				TEST_HOST = "$(BUILT_PRODUCTS_DIR)/CoolInstagram.app/CoolInstagram";
			};
			name = Debug;
		};
		78C0CB4A27A92A960089E3B3 /* Release */ = {
			isa = XCBuildConfiguration;
			buildSettings = {
				ALWAYS_EMBED_SWIFT_STANDARD_LIBRARIES = YES;
				BUNDLE_LOADER = "$(TEST_HOST)";
				CODE_SIGN_STYLE = Automatic;
				CURRENT_PROJECT_VERSION = 1;
				DEVELOPMENT_TEAM = UKH67U3TZ4;
				GENERATE_INFOPLIST_FILE = YES;
				IPHONEOS_DEPLOYMENT_TARGET = 15.2;
				MARKETING_VERSION = 1.0;
				PRODUCT_BUNDLE_IDENTIFIER = com.DVT.CoolInstagramTests;
				PRODUCT_NAME = "$(TARGET_NAME)";
				SWIFT_EMIT_LOC_STRINGS = NO;
				SWIFT_VERSION = 5.0;
				TARGETED_DEVICE_FAMILY = "1,2";
				TEST_HOST = "$(BUILT_PRODUCTS_DIR)/CoolInstagram.app/CoolInstagram";
			};
			name = Release;
		};
		78C0CB4C27A92A960089E3B3 /* Debug */ = {
			isa = XCBuildConfiguration;
			buildSettings = {
				ALWAYS_EMBED_SWIFT_STANDARD_LIBRARIES = YES;
				CODE_SIGN_STYLE = Automatic;
				CURRENT_PROJECT_VERSION = 1;
				DEVELOPMENT_TEAM = UKH67U3TZ4;
				GENERATE_INFOPLIST_FILE = YES;
				MARKETING_VERSION = 1.0;
				PRODUCT_BUNDLE_IDENTIFIER = com.DVT.CoolInstagramUITests;
				PRODUCT_NAME = "$(TARGET_NAME)";
				SWIFT_EMIT_LOC_STRINGS = NO;
				SWIFT_VERSION = 5.0;
				TARGETED_DEVICE_FAMILY = "1,2";
				TEST_TARGET_NAME = CoolInstagram;
			};
			name = Debug;
		};
		78C0CB4D27A92A960089E3B3 /* Release */ = {
			isa = XCBuildConfiguration;
			buildSettings = {
				ALWAYS_EMBED_SWIFT_STANDARD_LIBRARIES = YES;
				CODE_SIGN_STYLE = Automatic;
				CURRENT_PROJECT_VERSION = 1;
				DEVELOPMENT_TEAM = UKH67U3TZ4;
				GENERATE_INFOPLIST_FILE = YES;
				MARKETING_VERSION = 1.0;
				PRODUCT_BUNDLE_IDENTIFIER = com.DVT.CoolInstagramUITests;
				PRODUCT_NAME = "$(TARGET_NAME)";
				SWIFT_EMIT_LOC_STRINGS = NO;
				SWIFT_VERSION = 5.0;
				TARGETED_DEVICE_FAMILY = "1,2";
				TEST_TARGET_NAME = CoolInstagram;
			};
			name = Release;
		};
/* End XCBuildConfiguration section */

/* Begin XCConfigurationList section */
		78C0CB1627A92A910089E3B3 /* Build configuration list for PBXProject "CoolInstagram" */ = {
			isa = XCConfigurationList;
			buildConfigurations = (
				78C0CB4327A92A960089E3B3 /* Debug */,
				78C0CB4427A92A960089E3B3 /* Release */,
			);
			defaultConfigurationIsVisible = 0;
			defaultConfigurationName = Release;
		};
		78C0CB4527A92A960089E3B3 /* Build configuration list for PBXNativeTarget "CoolInstagram" */ = {
			isa = XCConfigurationList;
			buildConfigurations = (
				78C0CB4627A92A960089E3B3 /* Debug */,
				78C0CB4727A92A960089E3B3 /* Release */,
			);
			defaultConfigurationIsVisible = 0;
			defaultConfigurationName = Release;
		};
		78C0CB4827A92A960089E3B3 /* Build configuration list for PBXNativeTarget "CoolInstagramTests" */ = {
			isa = XCConfigurationList;
			buildConfigurations = (
				78C0CB4927A92A960089E3B3 /* Debug */,
				78C0CB4A27A92A960089E3B3 /* Release */,
			);
			defaultConfigurationIsVisible = 0;
			defaultConfigurationName = Release;
		};
		78C0CB4B27A92A960089E3B3 /* Build configuration list for PBXNativeTarget "CoolInstagramUITests" */ = {
			isa = XCConfigurationList;
			buildConfigurations = (
				78C0CB4C27A92A960089E3B3 /* Debug */,
				78C0CB4D27A92A960089E3B3 /* Release */,
			);
			defaultConfigurationIsVisible = 0;
			defaultConfigurationName = Release;
		};
/* End XCConfigurationList section */
	};
	rootObject = 78C0CB1327A92A910089E3B3 /* Project object */;
}
